// !$*UTF8*$!
{
	archiveVersion = 1;
	classes = {
	};
	objectVersion = 45;
	objects = {

/* Begin PBXBuildFile section */
		1D3623260D0F684500981E51 /* TelephoneAppDelegate.m in Sources */ = {isa = PBXBuildFile; fileRef = 1D3623250D0F684500981E51 /* TelephoneAppDelegate.m */; };
		1D60589B0D05DD56006BFB54 /* main.m in Sources */ = {isa = PBXBuildFile; fileRef = 29B97316FDCFA39411CA2CEA /* main.m */; };
		1D60589F0D05DD5A006BFB54 /* Foundation.framework in Frameworks */ = {isa = PBXBuildFile; fileRef = 1D30AB110D05D00D00671497 /* Foundation.framework */; };
		1DF5F4E00D08C38300B7A737 /* UIKit.framework in Frameworks */ = {isa = PBXBuildFile; fileRef = 1DF5F4DF0D08C38300B7A737 /* UIKit.framework */; };
		288765A50DF7441C002DB57D /* CoreGraphics.framework in Frameworks */ = {isa = PBXBuildFile; fileRef = 288765A40DF7441C002DB57D /* CoreGraphics.framework */; };
		2899E5220DE3E06400AC0155 /* TelephoneViewController.xib in Resources */ = {isa = PBXBuildFile; fileRef = 2899E5210DE3E06400AC0155 /* TelephoneViewController.xib */; };
		28AD733F0D9D9553002E5188 /* MainWindow.xib in Resources */ = {isa = PBXBuildFile; fileRef = 28AD733E0D9D9553002E5188 /* MainWindow.xib */; };
		28D7ACF80DDB3853001CB0EB /* TelephoneViewController.m in Sources */ = {isa = PBXBuildFile; fileRef = 28D7ACF70DDB3853001CB0EB /* TelephoneViewController.m */; };
		80F13A241129FAED00E102A9 /* bump_button_blue.png in Resources */ = {isa = PBXBuildFile; fileRef = 80F13A0C1129FAED00E102A9 /* bump_button_blue.png */; };
		80F13A251129FAED00E102A9 /* bump_close.png in Resources */ = {isa = PBXBuildFile; fileRef = 80F13A0D1129FAED00E102A9 /* bump_close.png */; };
		80F13A261129FAED00E102A9 /* bump_close_selected.png in Resources */ = {isa = PBXBuildFile; fileRef = 80F13A0E1129FAED00E102A9 /* bump_close_selected.png */; };
		80F13A271129FAED00E102A9 /* bump_content_area.png in Resources */ = {isa = PBXBuildFile; fileRef = 80F13A0F1129FAED00E102A9 /* bump_content_area.png */; };
		80F13A281129FAED00E102A9 /* bump_dropdown.png in Resources */ = {isa = PBXBuildFile; fileRef = 80F13A101129FAED00E102A9 /* bump_dropdown.png */; };
		80F13A291129FAED00E102A9 /* bump_hands_bg.png in Resources */ = {isa = PBXBuildFile; fileRef = 80F13A111129FAED00E102A9 /* bump_hands_bg.png */; };
		80F13A2A1129FAED00E102A9 /* bump_lefthand.png in Resources */ = {isa = PBXBuildFile; fileRef = 80F13A121129FAED00E102A9 /* bump_lefthand.png */; };
		80F13A2B1129FAED00E102A9 /* bump_nameview.png in Resources */ = {isa = PBXBuildFile; fileRef = 80F13A131129FAED00E102A9 /* bump_nameview.png */; };
		80F13A2C1129FAED00E102A9 /* bump_no_button.png in Resources */ = {isa = PBXBuildFile; fileRef = 80F13A141129FAED00E102A9 /* bump_no_button.png */; };
		80F13A2D1129FAED00E102A9 /* bump_nonetwork.png in Resources */ = {isa = PBXBuildFile; fileRef = 80F13A151129FAED00E102A9 /* bump_nonetwork.png */; };
		80F13A2E1129FAED00E102A9 /* bump_righthand.png in Resources */ = {isa = PBXBuildFile; fileRef = 80F13A161129FAED00E102A9 /* bump_righthand.png */; };
		80F13A2F1129FAED00E102A9 /* bump_signal1.png in Resources */ = {isa = PBXBuildFile; fileRef = 80F13A171129FAED00E102A9 /* bump_signal1.png */; };
		80F13A301129FAED00E102A9 /* bump_signal2.png in Resources */ = {isa = PBXBuildFile; fileRef = 80F13A181129FAED00E102A9 /* bump_signal2.png */; };
		80F13A311129FAED00E102A9 /* bump_signal3.png in Resources */ = {isa = PBXBuildFile; fileRef = 80F13A191129FAED00E102A9 /* bump_signal3.png */; };
		80F13A321129FAED00E102A9 /* bump_signal4.png in Resources */ = {isa = PBXBuildFile; fileRef = 80F13A1A1129FAED00E102A9 /* bump_signal4.png */; };
		80F13A331129FAED00E102A9 /* bump_tap.aif in Resources */ = {isa = PBXBuildFile; fileRef = 80F13A1B1129FAED00E102A9 /* bump_tap.aif */; };
		80F13A341129FAED00E102A9 /* bump_titlebar_bg.png in Resources */ = {isa = PBXBuildFile; fileRef = 80F13A1C1129FAED00E102A9 /* bump_titlebar_bg.png */; };
		80F13A351129FAED00E102A9 /* bump_white_low.png in Resources */ = {isa = PBXBuildFile; fileRef = 80F13A1D1129FAED00E102A9 /* bump_white_low.png */; };
		80F13A361129FAED00E102A9 /* bump_yes_button.png in Resources */ = {isa = PBXBuildFile; fileRef = 80F13A1E1129FAED00E102A9 /* bump_yes_button.png */; };
		80F13A371129FAED00E102A9 /* BumpApiPopup.xib in Resources */ = {isa = PBXBuildFile; fileRef = 80F13A1F1129FAED00E102A9 /* BumpApiPopup.xib */; };
		80F13A381129FAED00E102A9 /* BumpChangeNameScreen.xib in Resources */ = {isa = PBXBuildFile; fileRef = 80F13A201129FAED00E102A9 /* BumpChangeNameScreen.xib */; };
		80F13A391129FAED00E102A9 /* BumpConfirmScreen.xib in Resources */ = {isa = PBXBuildFile; fileRef = 80F13A211129FAED00E102A9 /* BumpConfirmScreen.xib */; };
		80F13A3A1129FAED00E102A9 /* BumpPromptScreen.xib in Resources */ = {isa = PBXBuildFile; fileRef = 80F13A221129FAED00E102A9 /* BumpPromptScreen.xib */; };
		80F13A3B1129FAED00E102A9 /* BumpStartScreen.xib in Resources */ = {isa = PBXBuildFile; fileRef = 80F13A231129FAED00E102A9 /* BumpStartScreen.xib */; };
		80F13A3D1129FB1300E102A9 /* libBump.a in Frameworks */ = {isa = PBXBuildFile; fileRef = 80F13A3C1129FB1300E102A9 /* libBump.a */; };
/* End PBXBuildFile section */

/* Begin PBXFileReference section */
		1D30AB110D05D00D00671497 /* Foundation.framework */ = {isa = PBXFileReference; lastKnownFileType = wrapper.framework; name = Foundation.framework; path = System/Library/Frameworks/Foundation.framework; sourceTree = SDKROOT; };
		1D3623240D0F684500981E51 /* TelephoneAppDelegate.h */ = {isa = PBXFileReference; fileEncoding = 4; lastKnownFileType = sourcecode.c.h; path = TelephoneAppDelegate.h; sourceTree = "<group>"; };
		1D3623250D0F684500981E51 /* TelephoneAppDelegate.m */ = {isa = PBXFileReference; fileEncoding = 4; lastKnownFileType = sourcecode.c.objc; path = TelephoneAppDelegate.m; sourceTree = "<group>"; };
		1D6058910D05DD3D006BFB54 /* Telephone.app */ = {isa = PBXFileReference; explicitFileType = wrapper.application; includeInIndex = 0; path = Telephone.app; sourceTree = BUILT_PRODUCTS_DIR; };
		1DF5F4DF0D08C38300B7A737 /* UIKit.framework */ = {isa = PBXFileReference; lastKnownFileType = wrapper.framework; name = UIKit.framework; path = System/Library/Frameworks/UIKit.framework; sourceTree = SDKROOT; };
		288765A40DF7441C002DB57D /* CoreGraphics.framework */ = {isa = PBXFileReference; lastKnownFileType = wrapper.framework; name = CoreGraphics.framework; path = System/Library/Frameworks/CoreGraphics.framework; sourceTree = SDKROOT; };
		2899E5210DE3E06400AC0155 /* TelephoneViewController.xib */ = {isa = PBXFileReference; lastKnownFileType = file.xib; path = TelephoneViewController.xib; sourceTree = "<group>"; };
		28AD733E0D9D9553002E5188 /* MainWindow.xib */ = {isa = PBXFileReference; lastKnownFileType = file.xib; path = MainWindow.xib; sourceTree = "<group>"; };
		28D7ACF60DDB3853001CB0EB /* TelephoneViewController.h */ = {isa = PBXFileReference; fileEncoding = 4; lastKnownFileType = sourcecode.c.h; path = TelephoneViewController.h; sourceTree = "<group>"; };
		28D7ACF70DDB3853001CB0EB /* TelephoneViewController.m */ = {isa = PBXFileReference; fileEncoding = 4; lastKnownFileType = sourcecode.c.objc; path = TelephoneViewController.m; sourceTree = "<group>"; };
		29B97316FDCFA39411CA2CEA /* main.m */ = {isa = PBXFileReference; fileEncoding = 4; lastKnownFileType = sourcecode.c.objc; path = main.m; sourceTree = "<group>"; };
		32CA4F630368D1EE00C91783 /* Telephone_Prefix.pch */ = {isa = PBXFileReference; fileEncoding = 4; lastKnownFileType = sourcecode.c.h; path = Telephone_Prefix.pch; sourceTree = "<group>"; };
		80F139F91129FAA200E102A9 /* Bump.h */ = {isa = PBXFileReference; fileEncoding = 4; lastKnownFileType = sourcecode.c.h; path = Bump.h; sourceTree = "<group>"; };
		80F13A0C1129FAED00E102A9 /* bump_button_blue.png */ = {isa = PBXFileReference; lastKnownFileType = image.png; path = bump_button_blue.png; sourceTree = "<group>"; };
		80F13A0D1129FAED00E102A9 /* bump_close.png */ = {isa = PBXFileReference; lastKnownFileType = image.png; path = bump_close.png; sourceTree = "<group>"; };
		80F13A0E1129FAED00E102A9 /* bump_close_selected.png */ = {isa = PBXFileReference; lastKnownFileType = image.png; path = bump_close_selected.png; sourceTree = "<group>"; };
		80F13A0F1129FAED00E102A9 /* bump_content_area.png */ = {isa = PBXFileReference; lastKnownFileType = image.png; path = bump_content_area.png; sourceTree = "<group>"; };
		80F13A101129FAED00E102A9 /* bump_dropdown.png */ = {isa = PBXFileReference; lastKnownFileType = image.png; path = bump_dropdown.png; sourceTree = "<group>"; };
		80F13A111129FAED00E102A9 /* bump_hands_bg.png */ = {isa = PBXFileReference; lastKnownFileType = image.png; path = bump_hands_bg.png; sourceTree = "<group>"; };
		80F13A121129FAED00E102A9 /* bump_lefthand.png */ = {isa = PBXFileReference; lastKnownFileType = image.png; path = bump_lefthand.png; sourceTree = "<group>"; };
		80F13A131129FAED00E102A9 /* bump_nameview.png */ = {isa = PBXFileReference; lastKnownFileType = image.png; path = bump_nameview.png; sourceTree = "<group>"; };
		80F13A141129FAED00E102A9 /* bump_no_button.png */ = {isa = PBXFileReference; lastKnownFileType = image.png; path = bump_no_button.png; sourceTree = "<group>"; };
		80F13A151129FAED00E102A9 /* bump_nonetwork.png */ = {isa = PBXFileReference; lastKnownFileType = image.png; path = bump_nonetwork.png; sourceTree = "<group>"; };
		80F13A161129FAED00E102A9 /* bump_righthand.png */ = {isa = PBXFileReference; lastKnownFileType = image.png; path = bump_righthand.png; sourceTree = "<group>"; };
		80F13A171129FAED00E102A9 /* bump_signal1.png */ = {isa = PBXFileReference; lastKnownFileType = image.png; path = bump_signal1.png; sourceTree = "<group>"; };
		80F13A181129FAED00E102A9 /* bump_signal2.png */ = {isa = PBXFileReference; lastKnownFileType = image.png; path = bump_signal2.png; sourceTree = "<group>"; };
		80F13A191129FAED00E102A9 /* bump_signal3.png */ = {isa = PBXFileReference; lastKnownFileType = image.png; path = bump_signal3.png; sourceTree = "<group>"; };
		80F13A1A1129FAED00E102A9 /* bump_signal4.png */ = {isa = PBXFileReference; lastKnownFileType = image.png; path = bump_signal4.png; sourceTree = "<group>"; };
		80F13A1B1129FAED00E102A9 /* bump_tap.aif */ = {isa = PBXFileReference; lastKnownFileType = file; path = bump_tap.aif; sourceTree = "<group>"; };
		80F13A1C1129FAED00E102A9 /* bump_titlebar_bg.png */ = {isa = PBXFileReference; lastKnownFileType = image.png; path = bump_titlebar_bg.png; sourceTree = "<group>"; };
		80F13A1D1129FAED00E102A9 /* bump_white_low.png */ = {isa = PBXFileReference; lastKnownFileType = image.png; path = bump_white_low.png; sourceTree = "<group>"; };
		80F13A1E1129FAED00E102A9 /* bump_yes_button.png */ = {isa = PBXFileReference; lastKnownFileType = image.png; path = bump_yes_button.png; sourceTree = "<group>"; };
		80F13A1F1129FAED00E102A9 /* BumpApiPopup.xib */ = {isa = PBXFileReference; lastKnownFileType = file.xib; path = BumpApiPopup.xib; sourceTree = "<group>"; };
		80F13A201129FAED00E102A9 /* BumpChangeNameScreen.xib */ = {isa = PBXFileReference; lastKnownFileType = file.xib; path = BumpChangeNameScreen.xib; sourceTree = "<group>"; };
		80F13A211129FAED00E102A9 /* BumpConfirmScreen.xib */ = {isa = PBXFileReference; lastKnownFileType = file.xib; path = BumpConfirmScreen.xib; sourceTree = "<group>"; };
		80F13A221129FAED00E102A9 /* BumpPromptScreen.xib */ = {isa = PBXFileReference; lastKnownFileType = file.xib; path = BumpPromptScreen.xib; sourceTree = "<group>"; };
		80F13A231129FAED00E102A9 /* BumpStartScreen.xib */ = {isa = PBXFileReference; lastKnownFileType = file.xib; path = BumpStartScreen.xib; sourceTree = "<group>"; };
		80F13A3C1129FB1300E102A9 /* libBump.a */ = {isa = PBXFileReference; lastKnownFileType = archive.ar; path = libBump.a; sourceTree = "<group>"; };
		8D1107310486CEB800E47090 /* Telephone-Info.plist */ = {isa = PBXFileReference; fileEncoding = 4; lastKnownFileType = text.plist.xml; path = "Telephone-Info.plist"; plistStructureDefinitionIdentifier = "com.apple.xcode.plist.structure-definition.iphone.info-plist"; sourceTree = "<group>"; };
/* End PBXFileReference section */

/* Begin PBXFrameworksBuildPhase section */
		1D60588F0D05DD3D006BFB54 /* Frameworks */ = {
			isa = PBXFrameworksBuildPhase;
			buildActionMask = 2147483647;
			files = (
				1D60589F0D05DD5A006BFB54 /* Foundation.framework in Frameworks */,
				1DF5F4E00D08C38300B7A737 /* UIKit.framework in Frameworks */,
				288765A50DF7441C002DB57D /* CoreGraphics.framework in Frameworks */,
				80F13A3D1129FB1300E102A9 /* libBump.a in Frameworks */,
			);
			runOnlyForDeploymentPostprocessing = 0;
		};
/* End PBXFrameworksBuildPhase section */

/* Begin PBXGroup section */
		080E96DDFE201D6D7F000001 /* Classes */ = {
			isa = PBXGroup;
			children = (
				80F139F91129FAA200E102A9 /* Bump.h */,
				1D3623240D0F684500981E51 /* TelephoneAppDelegate.h */,
				1D3623250D0F684500981E51 /* TelephoneAppDelegate.m */,
				28D7ACF60DDB3853001CB0EB /* TelephoneViewController.h */,
				28D7ACF70DDB3853001CB0EB /* TelephoneViewController.m */,
			);
			path = Classes;
			sourceTree = "<group>";
		};
		19C28FACFE9D520D11CA2CBB /* Products */ = {
			isa = PBXGroup;
			children = (
				1D6058910D05DD3D006BFB54 /* Telephone.app */,
			);
			name = Products;
			sourceTree = "<group>";
		};
		29B97314FDCFA39411CA2CEA /* CustomTemplate */ = {
			isa = PBXGroup;
			children = (
				080E96DDFE201D6D7F000001 /* Classes */,
				29B97315FDCFA39411CA2CEA /* Other Sources */,
				29B97317FDCFA39411CA2CEA /* Resources-iPhone */,
				29B97323FDCFA39411CA2CEA /* Frameworks */,
				19C28FACFE9D520D11CA2CBB /* Products */,
			);
			name = CustomTemplate;
			sourceTree = "<group>";
		};
		29B97315FDCFA39411CA2CEA /* Other Sources */ = {
			isa = PBXGroup;
			children = (
				32CA4F630368D1EE00C91783 /* Telephone_Prefix.pch */,
				29B97316FDCFA39411CA2CEA /* main.m */,
			);
			name = "Other Sources";
			sourceTree = "<group>";
		};
		29B97317FDCFA39411CA2CEA /* Resources-iPhone */ = {
			isa = PBXGroup;
			children = (
				80F13A0B1129FAED00E102A9 /* Bump_Resources */,
				2899E5210DE3E06400AC0155 /* TelephoneViewController.xib */,
				28AD733E0D9D9553002E5188 /* MainWindow.xib */,
				8D1107310486CEB800E47090 /* Telephone-Info.plist */,
			);
			name = "Resources-iPhone";
			sourceTree = "<group>";
		};
		29B97323FDCFA39411CA2CEA /* Frameworks */ = {
			isa = PBXGroup;
			children = (
				80F13A3C1129FB1300E102A9 /* libBump.a */,
				1DF5F4DF0D08C38300B7A737 /* UIKit.framework */,
				1D30AB110D05D00D00671497 /* Foundation.framework */,
				288765A40DF7441C002DB57D /* CoreGraphics.framework */,
			);
			name = Frameworks;
			sourceTree = "<group>";
		};
		80F13A0B1129FAED00E102A9 /* Bump_Resources */ = {
			isa = PBXGroup;
			children = (
				80F13A0C1129FAED00E102A9 /* bump_button_blue.png */,
				80F13A0D1129FAED00E102A9 /* bump_close.png */,
				80F13A0E1129FAED00E102A9 /* bump_close_selected.png */,
				80F13A0F1129FAED00E102A9 /* bump_content_area.png */,
				80F13A101129FAED00E102A9 /* bump_dropdown.png */,
				80F13A111129FAED00E102A9 /* bump_hands_bg.png */,
				80F13A121129FAED00E102A9 /* bump_lefthand.png */,
				80F13A131129FAED00E102A9 /* bump_nameview.png */,
				80F13A141129FAED00E102A9 /* bump_no_button.png */,
				80F13A151129FAED00E102A9 /* bump_nonetwork.png */,
				80F13A161129FAED00E102A9 /* bump_righthand.png */,
				80F13A171129FAED00E102A9 /* bump_signal1.png */,
				80F13A181129FAED00E102A9 /* bump_signal2.png */,
				80F13A191129FAED00E102A9 /* bump_signal3.png */,
				80F13A1A1129FAED00E102A9 /* bump_signal4.png */,
				80F13A1B1129FAED00E102A9 /* bump_tap.aif */,
				80F13A1C1129FAED00E102A9 /* bump_titlebar_bg.png */,
				80F13A1D1129FAED00E102A9 /* bump_white_low.png */,
				80F13A1E1129FAED00E102A9 /* bump_yes_button.png */,
				80F13A1F1129FAED00E102A9 /* BumpApiPopup.xib */,
				80F13A201129FAED00E102A9 /* BumpChangeNameScreen.xib */,
				80F13A211129FAED00E102A9 /* BumpConfirmScreen.xib */,
				80F13A221129FAED00E102A9 /* BumpPromptScreen.xib */,
				80F13A231129FAED00E102A9 /* BumpStartScreen.xib */,
			);
			path = Bump_Resources;
			sourceTree = "<group>";
		};
/* End PBXGroup section */

/* Begin PBXNativeTarget section */
		1D6058900D05DD3D006BFB54 /* Telephone */ = {
			isa = PBXNativeTarget;
			buildConfigurationList = 1D6058960D05DD3E006BFB54 /* Build configuration list for PBXNativeTarget "Telephone" */;
			buildPhases = (
				1D60588D0D05DD3D006BFB54 /* Resources */,
				1D60588E0D05DD3D006BFB54 /* Sources */,
				1D60588F0D05DD3D006BFB54 /* Frameworks */,
			);
			buildRules = (
			);
			dependencies = (
			);
			name = Telephone;
			productName = Telephone;
			productReference = 1D6058910D05DD3D006BFB54 /* Telephone.app */;
			productType = "com.apple.product-type.application";
		};
/* End PBXNativeTarget section */

/* Begin PBXProject section */
		29B97313FDCFA39411CA2CEA /* Project object */ = {
			isa = PBXProject;
			buildConfigurationList = C01FCF4E08A954540054247B /* Build configuration list for PBXProject "Telephone" */;
			compatibilityVersion = "Xcode 3.1";
			hasScannedForEncodings = 1;
			mainGroup = 29B97314FDCFA39411CA2CEA /* CustomTemplate */;
			projectDirPath = "";
			projectRoot = "";
			targets = (
				1D6058900D05DD3D006BFB54 /* Telephone */,
			);
		};
/* End PBXProject section */

/* Begin PBXResourcesBuildPhase section */
		1D60588D0D05DD3D006BFB54 /* Resources */ = {
			isa = PBXResourcesBuildPhase;
			buildActionMask = 2147483647;
			files = (
				28AD733F0D9D9553002E5188 /* MainWindow.xib in Resources */,
				2899E5220DE3E06400AC0155 /* TelephoneViewController.xib in Resources */,
				80F13A241129FAED00E102A9 /* bump_button_blue.png in Resources */,
				80F13A251129FAED00E102A9 /* bump_close.png in Resources */,
				80F13A261129FAED00E102A9 /* bump_close_selected.png in Resources */,
				80F13A271129FAED00E102A9 /* bump_content_area.png in Resources */,
				80F13A281129FAED00E102A9 /* bump_dropdown.png in Resources */,
				80F13A291129FAED00E102A9 /* bump_hands_bg.png in Resources */,
				80F13A2A1129FAED00E102A9 /* bump_lefthand.png in Resources */,
				80F13A2B1129FAED00E102A9 /* bump_nameview.png in Resources */,
				80F13A2C1129FAED00E102A9 /* bump_no_button.png in Resources */,
				80F13A2D1129FAED00E102A9 /* bump_nonetwork.png in Resources */,
				80F13A2E1129FAED00E102A9 /* bump_righthand.png in Resources */,
				80F13A2F1129FAED00E102A9 /* bump_signal1.png in Resources */,
				80F13A301129FAED00E102A9 /* bump_signal2.png in Resources */,
				80F13A311129FAED00E102A9 /* bump_signal3.png in Resources */,
				80F13A321129FAED00E102A9 /* bump_signal4.png in Resources */,
				80F13A331129FAED00E102A9 /* bump_tap.aif in Resources */,
				80F13A341129FAED00E102A9 /* bump_titlebar_bg.png in Resources */,
				80F13A351129FAED00E102A9 /* bump_white_low.png in Resources */,
				80F13A361129FAED00E102A9 /* bump_yes_button.png in Resources */,
				80F13A371129FAED00E102A9 /* BumpApiPopup.xib in Resources */,
				80F13A381129FAED00E102A9 /* BumpChangeNameScreen.xib in Resources */,
				80F13A391129FAED00E102A9 /* BumpConfirmScreen.xib in Resources */,
				80F13A3A1129FAED00E102A9 /* BumpPromptScreen.xib in Resources */,
				80F13A3B1129FAED00E102A9 /* BumpStartScreen.xib in Resources */,
			);
			runOnlyForDeploymentPostprocessing = 0;
		};
/* End PBXResourcesBuildPhase section */

/* Begin PBXSourcesBuildPhase section */
		1D60588E0D05DD3D006BFB54 /* Sources */ = {
			isa = PBXSourcesBuildPhase;
			buildActionMask = 2147483647;
			files = (
				1D60589B0D05DD56006BFB54 /* main.m in Sources */,
				1D3623260D0F684500981E51 /* TelephoneAppDelegate.m in Sources */,
				28D7ACF80DDB3853001CB0EB /* TelephoneViewController.m in Sources */,
			);
			runOnlyForDeploymentPostprocessing = 0;
		};
/* End PBXSourcesBuildPhase section */

/* Begin XCBuildConfiguration section */
		1D6058940D05DD3E006BFB54 /* Debug */ = {
			isa = XCBuildConfiguration;
			buildSettings = {
				ALWAYS_SEARCH_USER_PATHS = NO;
				COPY_PHASE_STRIP = NO;
				GCC_DYNAMIC_NO_PIC = NO;
				GCC_OPTIMIZATION_LEVEL = 0;
				GCC_PRECOMPILE_PREFIX_HEADER = YES;
				GCC_PREFIX_HEADER = Telephone_Prefix.pch;
				INFOPLIST_FILE = "Telephone-Info.plist";
				LIBRARY_SEARCH_PATHS = (
					"$(inherited)",
					"\"$(SRCROOT)\"",
				);
				PRODUCT_NAME = Telephone;
			};
			name = Debug;
		};
		1D6058950D05DD3E006BFB54 /* Release */ = {
			isa = XCBuildConfiguration;
			buildSettings = {
				ALWAYS_SEARCH_USER_PATHS = NO;
				COPY_PHASE_STRIP = YES;
				GCC_PRECOMPILE_PREFIX_HEADER = YES;
				GCC_PREFIX_HEADER = Telephone_Prefix.pch;
				INFOPLIST_FILE = "Telephone-Info.plist";
				LIBRARY_SEARCH_PATHS = (
					"$(inherited)",
					"\"$(SRCROOT)\"",
				);
				PRODUCT_NAME = Telephone;
				VALIDATE_PRODUCT = YES;
			};
			name = Release;
		};
		C01FCF4F08A954540054247B /* Debug */ = {
			isa = XCBuildConfiguration;
			buildSettings = {
				ARCHS = "$(ARCHS_STANDARD_32_BIT)";
				"CODE_SIGN_IDENTITY[sdk=iphoneos*]" = "iPhone Developer";
				GCC_C_LANGUAGE_STANDARD = c99;
				GCC_WARN_ABOUT_RETURN_TYPE = YES;
				GCC_WARN_UNUSED_VARIABLE = YES;
				PREBINDING = NO;
				SDKROOT = iphoneos3.2;
			};
			name = Debug;
		};
		C01FCF5008A954540054247B /* Release */ = {
			isa = XCBuildConfiguration;
			buildSettings = {
				ARCHS = "$(ARCHS_STANDARD_32_BIT)";
				"CODE_SIGN_IDENTITY[sdk=iphoneos*]" = "iPhone Developer";
				GCC_C_LANGUAGE_STANDARD = c99;
				GCC_WARN_ABOUT_RETURN_TYPE = YES;
				GCC_WARN_UNUSED_VARIABLE = YES;
				PREBINDING = NO;
				SDKROOT = iphoneos3.2;
			};
			name = Release;
		};
/* End XCBuildConfiguration section */

/* Begin XCConfigurationList section */
		1D6058960D05DD3E006BFB54 /* Build configuration list for PBXNativeTarget "Telephone" */ = {
			isa = XCConfigurationList;
			buildConfigurations = (
				1D6058940D05DD3E006BFB54 /* Debug */,
				1D6058950D05DD3E006BFB54 /* Release */,
			);
			defaultConfigurationIsVisible = 0;
			defaultConfigurationName = Release;
		};
		C01FCF4E08A954540054247B /* Build configuration list for PBXProject "Telephone" */ = {
			isa = XCConfigurationList;
			buildConfigurations = (
				C01FCF4F08A954540054247B /* Debug */,
				C01FCF5008A954540054247B /* Release */,
			);
			defaultConfigurationIsVisible = 0;
			defaultConfigurationName = Release;
		};
/* End XCConfigurationList section */
	};
	rootObject = 29B97313FDCFA39411CA2CEA /* Project object */;
}
